
Microsoft Visual Studio Solution File, Format Version 12.00
# Visual Studio Version 16
VisualStudioVersion = 16.0.29519.87
MinimumVisualStudioVersion = 10.0.40219.1
Project("{9A19103F-16F7-4668-BE54-9A1E7A4F7556}") = "PresentationExercises", "PresentationExercises\PresentationExercises.csproj", "{82B10246-EBB7-446A-AAA3-BD68B3674128}"
EndProject
Project("{FAE04EC0-301F-11D3-BF4B-00C04F79EFBC}") = "PracticeExercises", "PracticeExercises\PracticeExercises.csproj", "{C296530E-0599-4776-BC14-967355C46DDD}"
EndProject
Global
	GlobalSection(SolutionConfigurationPlatforms) = preSolution
		Debug|Any CPU = Debug|Any CPU
		Release|Any CPU = Release|Any CPU
	EndGlobalSection
	GlobalSection(ProjectConfigurationPlatforms) = postSolution
		{82B10246-EBB7-446A-AAA3-BD68B3674128}.Debug|Any CPU.ActiveCfg = Debug|Any CPU
		{82B10246-EBB7-446A-AAA3-BD68B3674128}.Debug|Any CPU.Build.0 = Debug|Any CPU
		{82B10246-EBB7-446A-AAA3-BD68B3674128}.Release|Any CPU.ActiveCfg = Release|Any CPU
		{82B10246-EBB7-446A-AAA3-BD68B3674128}.Release|Any CPU.Build.0 = Release|Any CPU
		{C296530E-0599-4776-BC14-967355C46DDD}.Debug|Any CPU.ActiveCfg = Debug|Any CPU
		{C296530E-0599-4776-BC14-967355C46DDD}.Debug|Any CPU.Build.0 = Debug|Any CPU
		{C296530E-0599-4776-BC14-967355C46DDD}.Release|Any CPU.ActiveCfg = Release|Any CPU
		{C296530E-0599-4776-BC14-967355C46DDD}.Release|Any CPU.Build.0 = Release|Any CPU
	EndGlobalSection
	GlobalSection(SolutionProperties) = preSolution
		HideSolutionNode = FALSE
	EndGlobalSection
	GlobalSection(ExtensibilityGlobals) = postSolution
		SolutionGuid = {F09568D5-5BB6-4AE5-847C-790072951E42}
	EndGlobalSection
EndGlobal
